// !$*UTF8*$!
{
	archiveVersion = 1;
	classes = {
	};
	objectVersion = 48;
	objects = {

/* Begin PBXBuildFile section */
		84530716206BDD2A00B5488F /* GoogleService-Info.plist in Resources */ = {isa = PBXBuildFile; fileRef = 84530715206BDD2A00B5488F /* GoogleService-Info.plist */; };
		84530719206BDF9800B5488F /* DataService.swift in Sources */ = {isa = PBXBuildFile; fileRef = 84530718206BDF9800B5488F /* DataService.swift */; };
		846F94172071118E0079C5CC /* UpdateService.swift in Sources */ = {isa = PBXBuildFile; fileRef = 846F94162071118E0079C5CC /* UpdateService.swift */; };
		846F9419207119C40079C5CC /* DriverAnnotation.swift in Sources */ = {isa = PBXBuildFile; fileRef = 846F9418207119C40079C5CC /* DriverAnnotation.swift */; };
		8474EC6E2062040900668850 /* GradientView.swift in Sources */ = {isa = PBXBuildFile; fileRef = 8474EC6D2062040900668850 /* GradientView.swift */; };
		847879652069E4B600980610 /* LeftSidePanelVC.swift in Sources */ = {isa = PBXBuildFile; fileRef = 847879642069E4B600980610 /* LeftSidePanelVC.swift */; };
		847879672069E54700980610 /* ContainerVC.swift in Sources */ = {isa = PBXBuildFile; fileRef = 847879662069E54700980610 /* ContainerVC.swift */; };
		8478796A2069EA0A00980610 /* CenterVCDelegate.swift in Sources */ = {isa = PBXBuildFile; fileRef = 847879692069EA0A00980610 /* CenterVCDelegate.swift */; };
		848A67B6206B2584006C72D6 /* UIViewExt.swift in Sources */ = {isa = PBXBuildFile; fileRef = 848A67B5206B2584006C72D6 /* UIViewExt.swift */; };
		848A67B8206B33D6006C72D6 /* LoginVC.swift in Sources */ = {isa = PBXBuildFile; fileRef = 848A67B7206B33D6006C72D6 /* LoginVC.swift */; };
		848A67BA206B360A006C72D6 /* RoundedCornerTextField.swift in Sources */ = {isa = PBXBuildFile; fileRef = 848A67B9206B360A006C72D6 /* RoundedCornerTextField.swift */; };
		8498A69020693A77002825F9 /* RoundImageView.swift in Sources */ = {isa = PBXBuildFile; fileRef = 8498A68F20693A77002825F9 /* RoundImageView.swift */; };
		8498A69220693ED2002825F9 /* RoundedShadowView.swift in Sources */ = {isa = PBXBuildFile; fileRef = 8498A69120693ED2002825F9 /* RoundedShadowView.swift */; };
		8498A694206940C0002825F9 /* CircleView.swift in Sources */ = {isa = PBXBuildFile; fileRef = 8498A693206940C0002825F9 /* CircleView.swift */; };
		8498A69620694318002825F9 /* RoundedShadowButton.swift in Sources */ = {isa = PBXBuildFile; fileRef = 8498A69520694318002825F9 /* RoundedShadowButton.swift */; };
		84B8847B2049A12600F37643 /* AppDelegate.swift in Sources */ = {isa = PBXBuildFile; fileRef = 84B8847A2049A12600F37643 /* AppDelegate.swift */; };
		84B8847D2049A12600F37643 /* HomeVC.swift in Sources */ = {isa = PBXBuildFile; fileRef = 84B8847C2049A12600F37643 /* HomeVC.swift */; };
		84B884802049A12600F37643 /* Main.storyboard in Resources */ = {isa = PBXBuildFile; fileRef = 84B8847E2049A12600F37643 /* Main.storyboard */; };
		84B884822049A12600F37643 /* Assets.xcassets in Resources */ = {isa = PBXBuildFile; fileRef = 84B884812049A12600F37643 /* Assets.xcassets */; };
		84B884852049A12600F37643 /* LaunchScreen.storyboard in Resources */ = {isa = PBXBuildFile; fileRef = 84B884832049A12600F37643 /* LaunchScreen.storyboard */; };
		A9B9CF3ACAA828D35A7411EB /* Pods_booking_a_car.framework in Frameworks */ = {isa = PBXBuildFile; fileRef = 9657579C95664D212B5D2ED9 /* Pods_booking_a_car.framework */; };
		DE0CE3C4208713D4004DE365 /* UIViewControllerExt.swift in Sources */ = {isa = PBXBuildFile; fileRef = DE0CE3C3208713D4004DE365 /* UIViewControllerExt.swift */; };
		DE7ADD7C208ED06E00B40C10 /* PickupVC.swift in Sources */ = {isa = PBXBuildFile; fileRef = DE7ADD7B208ED06E00B40C10 /* PickupVC.swift */; };
		DE7ADD7E208ED17B00B40C10 /* RoundMapView.swift in Sources */ = {isa = PBXBuildFile; fileRef = DE7ADD7D208ED17B00B40C10 /* RoundMapView.swift */; };
		DE7FD729208788EE00DB0CA3 /* Alertable.swift in Sources */ = {isa = PBXBuildFile; fileRef = DE7FD728208788EE00DB0CA3 /* Alertable.swift */; };
		DECF6F8220864A03000D2229 /* PassengerAnnotation.swift in Sources */ = {isa = PBXBuildFile; fileRef = DECF6F8120864A03000D2229 /* PassengerAnnotation.swift */; };
/* End PBXBuildFile section */

/* Begin PBXFileReference section */
		00820F442E2569542F134AFE /* Pods-booking_a_car.debug.xcconfig */ = {isa = PBXFileReference; includeInIndex = 1; lastKnownFileType = text.xcconfig; name = "Pods-booking_a_car.debug.xcconfig"; path = "Pods/Target Support Files/Pods-booking_a_car/Pods-booking_a_car.debug.xcconfig"; sourceTree = "<group>"; };
		84530715206BDD2A00B5488F /* GoogleService-Info.plist */ = {isa = PBXFileReference; fileEncoding = 4; lastKnownFileType = text.plist.xml; path = "GoogleService-Info.plist"; sourceTree = "<group>"; };
		84530718206BDF9800B5488F /* DataService.swift */ = {isa = PBXFileReference; lastKnownFileType = sourcecode.swift; path = DataService.swift; sourceTree = "<group>"; };
		846F94162071118E0079C5CC /* UpdateService.swift */ = {isa = PBXFileReference; lastKnownFileType = sourcecode.swift; path = UpdateService.swift; sourceTree = "<group>"; };
		846F9418207119C40079C5CC /* DriverAnnotation.swift */ = {isa = PBXFileReference; lastKnownFileType = sourcecode.swift; path = DriverAnnotation.swift; sourceTree = "<group>"; };
		8474EC6D2062040900668850 /* GradientView.swift */ = {isa = PBXFileReference; lastKnownFileType = sourcecode.swift; path = GradientView.swift; sourceTree = "<group>"; };
		847879642069E4B600980610 /* LeftSidePanelVC.swift */ = {isa = PBXFileReference; lastKnownFileType = sourcecode.swift; path = LeftSidePanelVC.swift; sourceTree = "<group>"; };
		847879662069E54700980610 /* ContainerVC.swift */ = {isa = PBXFileReference; lastKnownFileType = sourcecode.swift; path = ContainerVC.swift; sourceTree = "<group>"; };
		847879692069EA0A00980610 /* CenterVCDelegate.swift */ = {isa = PBXFileReference; lastKnownFileType = sourcecode.swift; path = CenterVCDelegate.swift; sourceTree = "<group>"; };
		848A67B5206B2584006C72D6 /* UIViewExt.swift */ = {isa = PBXFileReference; lastKnownFileType = sourcecode.swift; path = UIViewExt.swift; sourceTree = "<group>"; };
		848A67B7206B33D6006C72D6 /* LoginVC.swift */ = {isa = PBXFileReference; lastKnownFileType = sourcecode.swift; path = LoginVC.swift; sourceTree = "<group>"; };
		848A67B9206B360A006C72D6 /* RoundedCornerTextField.swift */ = {isa = PBXFileReference; lastKnownFileType = sourcecode.swift; path = RoundedCornerTextField.swift; sourceTree = "<group>"; };
		8498A68F20693A77002825F9 /* RoundImageView.swift */ = {isa = PBXFileReference; lastKnownFileType = sourcecode.swift; path = RoundImageView.swift; sourceTree = "<group>"; };
		8498A69120693ED2002825F9 /* RoundedShadowView.swift */ = {isa = PBXFileReference; lastKnownFileType = sourcecode.swift; path = RoundedShadowView.swift; sourceTree = "<group>"; };
		8498A693206940C0002825F9 /* CircleView.swift */ = {isa = PBXFileReference; lastKnownFileType = sourcecode.swift; path = CircleView.swift; sourceTree = "<group>"; };
		8498A69520694318002825F9 /* RoundedShadowButton.swift */ = {isa = PBXFileReference; lastKnownFileType = sourcecode.swift; path = RoundedShadowButton.swift; sourceTree = "<group>"; };
		84B884772049A12600F37643 /* booking_a_car.app */ = {isa = PBXFileReference; explicitFileType = wrapper.application; includeInIndex = 0; path = booking_a_car.app; sourceTree = BUILT_PRODUCTS_DIR; };
		84B8847A2049A12600F37643 /* AppDelegate.swift */ = {isa = PBXFileReference; lastKnownFileType = sourcecode.swift; path = AppDelegate.swift; sourceTree = "<group>"; };
		84B8847C2049A12600F37643 /* HomeVC.swift */ = {isa = PBXFileReference; lastKnownFileType = sourcecode.swift; path = HomeVC.swift; sourceTree = "<group>"; };
		84B8847F2049A12600F37643 /* Base */ = {isa = PBXFileReference; lastKnownFileType = file.storyboard; name = Base; path = Base.lproj/Main.storyboard; sourceTree = "<group>"; };
		84B884812049A12600F37643 /* Assets.xcassets */ = {isa = PBXFileReference; lastKnownFileType = folder.assetcatalog; path = Assets.xcassets; sourceTree = "<group>"; };
		84B884842049A12600F37643 /* Base */ = {isa = PBXFileReference; lastKnownFileType = file.storyboard; name = Base; path = Base.lproj/LaunchScreen.storyboard; sourceTree = "<group>"; };
		84B884862049A12600F37643 /* Info.plist */ = {isa = PBXFileReference; lastKnownFileType = text.plist.xml; path = Info.plist; sourceTree = "<group>"; };
		9657579C95664D212B5D2ED9 /* Pods_booking_a_car.framework */ = {isa = PBXFileReference; explicitFileType = wrapper.framework; includeInIndex = 0; path = Pods_booking_a_car.framework; sourceTree = BUILT_PRODUCTS_DIR; };
		C27901B21DD2D3EE40F37626 /* Pods-booking_a_car.release.xcconfig */ = {isa = PBXFileReference; includeInIndex = 1; lastKnownFileType = text.xcconfig; name = "Pods-booking_a_car.release.xcconfig"; path = "Pods/Target Support Files/Pods-booking_a_car/Pods-booking_a_car.release.xcconfig"; sourceTree = "<group>"; };
		DE0CE3C3208713D4004DE365 /* UIViewControllerExt.swift */ = {isa = PBXFileReference; lastKnownFileType = sourcecode.swift; path = UIViewControllerExt.swift; sourceTree = "<group>"; };
		DE7ADD7B208ED06E00B40C10 /* PickupVC.swift */ = {isa = PBXFileReference; lastKnownFileType = sourcecode.swift; path = PickupVC.swift; sourceTree = "<group>"; };
		DE7ADD7D208ED17B00B40C10 /* RoundMapView.swift */ = {isa = PBXFileReference; lastKnownFileType = sourcecode.swift; path = RoundMapView.swift; sourceTree = "<group>"; };
		DE7FD728208788EE00DB0CA3 /* Alertable.swift */ = {isa = PBXFileReference; lastKnownFileType = sourcecode.swift; path = Alertable.swift; sourceTree = "<group>"; };
		DECF6F8120864A03000D2229 /* PassengerAnnotation.swift */ = {isa = PBXFileReference; lastKnownFileType = sourcecode.swift; path = PassengerAnnotation.swift; sourceTree = "<group>"; };
/* End PBXFileReference section */

/* Begin PBXFrameworksBuildPhase section */
		84B884742049A12600F37643 /* Frameworks */ = {
			isa = PBXFrameworksBuildPhase;
			buildActionMask = 2147483647;
			files = (
				A9B9CF3ACAA828D35A7411EB /* Pods_booking_a_car.framework in Frameworks */,
			);
			runOnlyForDeploymentPostprocessing = 0;
		};
/* End PBXFrameworksBuildPhase section */

/* Begin PBXGroup section */
		84530717206BDF8100B5488F /* Services */ = {
			isa = PBXGroup;
			children = (
				84530718206BDF9800B5488F /* DataService.swift */,
				846F94162071118E0079C5CC /* UpdateService.swift */,
			);
			path = Services;
			sourceTree = "<group>";
		};
		8474EC6A206203B200668850 /* View */ = {
			isa = PBXGroup;
			children = (
				8474EC6D2062040900668850 /* GradientView.swift */,
				8498A68F20693A77002825F9 /* RoundImageView.swift */,
				8498A69120693ED2002825F9 /* RoundedShadowView.swift */,
				8498A693206940C0002825F9 /* CircleView.swift */,
				8498A69520694318002825F9 /* RoundedShadowButton.swift */,
				848A67B9206B360A006C72D6 /* RoundedCornerTextField.swift */,
				846F9418207119C40079C5CC /* DriverAnnotation.swift */,
				DECF6F8120864A03000D2229 /* PassengerAnnotation.swift */,
				DE7ADD7D208ED17B00B40C10 /* RoundMapView.swift */,
			);
			path = View;
			sourceTree = "<group>";
		};
		8474EC6B206203B900668850 /* Controller */ = {
			isa = PBXGroup;
			children = (
				84B8847C2049A12600F37643 /* HomeVC.swift */,
				847879642069E4B600980610 /* LeftSidePanelVC.swift */,
				847879662069E54700980610 /* ContainerVC.swift */,
				848A67B7206B33D6006C72D6 /* LoginVC.swift */,
				DE7ADD7B208ED06E00B40C10 /* PickupVC.swift */,
			);
			path = Controller;
			sourceTree = "<group>";
		};
		8474EC6C206203C300668850 /* Model */ = {
			isa = PBXGroup;
			children = (
			);
			path = Model;
			sourceTree = "<group>";
		};
		847879682069E9DB00980610 /* Protocols */ = {
			isa = PBXGroup;
			children = (
				847879692069EA0A00980610 /* CenterVCDelegate.swift */,
				DE7FD728208788EE00DB0CA3 /* Alertable.swift */,
			);
			path = Protocols;
			sourceTree = "<group>";
		};
		848A67B4206B2552006C72D6 /* Extensions */ = {
			isa = PBXGroup;
			children = (
				848A67B5206B2584006C72D6 /* UIViewExt.swift */,
				DE0CE3C3208713D4004DE365 /* UIViewControllerExt.swift */,
			);
			path = Extensions;
			sourceTree = "<group>";
		};
		84B8846E2049A12600F37643 = {
			isa = PBXGroup;
			children = (
				84B884792049A12600F37643 /* booking_a_car */,
				84B884782049A12600F37643 /* Products */,
				ABB1035877EC2DF10C6C107D /* Pods */,
				A7C3DA78C64A52A7BDA7B8A6 /* Frameworks */,
			);
			sourceTree = "<group>";
		};
		84B884782049A12600F37643 /* Products */ = {
			isa = PBXGroup;
			children = (
				84B884772049A12600F37643 /* booking_a_car.app */,
			);
			name = Products;
			sourceTree = "<group>";
		};
		84B884792049A12600F37643 /* booking_a_car */ = {
			isa = PBXGroup;
			children = (
				84530717206BDF8100B5488F /* Services */,
				848A67B4206B2552006C72D6 /* Extensions */,
				847879682069E9DB00980610 /* Protocols */,
				8474EC6C206203C300668850 /* Model */,
				8474EC6A206203B200668850 /* View */,
				8474EC6B206203B900668850 /* Controller */,
				84B8847A2049A12600F37643 /* AppDelegate.swift */,
				84B8847E2049A12600F37643 /* Main.storyboard */,
				84B884812049A12600F37643 /* Assets.xcassets */,
				84B884832049A12600F37643 /* LaunchScreen.storyboard */,
				84B884862049A12600F37643 /* Info.plist */,
				84530715206BDD2A00B5488F /* GoogleService-Info.plist */,
			);
			path = booking_a_car;
			sourceTree = "<group>";
		};
		A7C3DA78C64A52A7BDA7B8A6 /* Frameworks */ = {
			isa = PBXGroup;
			children = (
				9657579C95664D212B5D2ED9 /* Pods_booking_a_car.framework */,
			);
			name = Frameworks;
			sourceTree = "<group>";
		};
		ABB1035877EC2DF10C6C107D /* Pods */ = {
			isa = PBXGroup;
			children = (
				00820F442E2569542F134AFE /* Pods-booking_a_car.debug.xcconfig */,
				C27901B21DD2D3EE40F37626 /* Pods-booking_a_car.release.xcconfig */,
			);
			name = Pods;
			sourceTree = "<group>";
		};
/* End PBXGroup section */

/* Begin PBXNativeTarget section */
		84B884762049A12600F37643 /* booking_a_car */ = {
			isa = PBXNativeTarget;
			buildConfigurationList = 84B884892049A12600F37643 /* Build configuration list for PBXNativeTarget "booking_a_car" */;
			buildPhases = (
				26A720F8121E49D171B0490B /* [CP] Check Pods Manifest.lock */,
				84B884732049A12600F37643 /* Sources */,
				84B884742049A12600F37643 /* Frameworks */,
				84B884752049A12600F37643 /* Resources */,
				897E7DA407E4943BFEAF0D97 /* [CP] Embed Pods Frameworks */,
				90EDD6C39FDEE528BFDE0905 /* [CP] Copy Pods Resources */,
			);
			buildRules = (
			);
			dependencies = (
			);
			name = booking_a_car;
			productName = booking_a_car;
			productReference = 84B884772049A12600F37643 /* booking_a_car.app */;
			productType = "com.apple.product-type.application";
		};
/* End PBXNativeTarget section */

/* Begin PBXProject section */
		84B8846F2049A12600F37643 /* Project object */ = {
			isa = PBXProject;
			attributes = {
				LastSwiftUpdateCheck = 0920;
				LastUpgradeCheck = 0930;
				ORGANIZATIONNAME = "Trung Tinh";
				TargetAttributes = {
					84B884762049A12600F37643 = {
						CreatedOnToolsVersion = 9.2;
						ProvisioningStyle = Automatic;
					};
				};
			};
			buildConfigurationList = 84B884722049A12600F37643 /* Build configuration list for PBXProject "booking_a_car" */;
			compatibilityVersion = "Xcode 8.0";
			developmentRegion = en;
			hasScannedForEncodings = 0;
			knownRegions = (
				en,
				Base,
			);
			mainGroup = 84B8846E2049A12600F37643;
			productRefGroup = 84B884782049A12600F37643 /* Products */;
			projectDirPath = "";
			projectRoot = "";
			targets = (
				84B884762049A12600F37643 /* booking_a_car */,
			);
		};
/* End PBXProject section */

/* Begin PBXResourcesBuildPhase section */
		84B884752049A12600F37643 /* Resources */ = {
			isa = PBXResourcesBuildPhase;
			buildActionMask = 2147483647;
			files = (
				84B884852049A12600F37643 /* LaunchScreen.storyboard in Resources */,
				84530716206BDD2A00B5488F /* GoogleService-Info.plist in Resources */,
				84B884822049A12600F37643 /* Assets.xcassets in Resources */,
				84B884802049A12600F37643 /* Main.storyboard in Resources */,
			);
			runOnlyForDeploymentPostprocessing = 0;
		};
/* End PBXResourcesBuildPhase section */

/* Begin PBXShellScriptBuildPhase section */
		26A720F8121E49D171B0490B /* [CP] Check Pods Manifest.lock */ = {
			isa = PBXShellScriptBuildPhase;
			buildActionMask = 2147483647;
			files = (
			);
			inputPaths = (
				"${PODS_PODFILE_DIR_PATH}/Podfile.lock",
				"${PODS_ROOT}/Manifest.lock",
			);
			name = "[CP] Check Pods Manifest.lock";
			outputPaths = (
				"$(DERIVED_FILE_DIR)/Pods-booking_a_car-checkManifestLockResult.txt",
			);
			runOnlyForDeploymentPostprocessing = 0;
			shellPath = /bin/sh;
			shellScript = "diff \"${PODS_PODFILE_DIR_PATH}/Podfile.lock\" \"${PODS_ROOT}/Manifest.lock\" > /dev/null\nif [ $? != 0 ] ; then\n    # print error to STDERR\n    echo \"error: The sandbox is not in sync with the Podfile.lock. Run 'pod install' or update your CocoaPods installation.\" >&2\n    exit 1\nfi\n# This output is used by Xcode 'outputs' to avoid re-running this script phase.\necho \"SUCCESS\" > \"${SCRIPT_OUTPUT_FILE_0}\"\n";
			showEnvVarsInLog = 0;
		};
		897E7DA407E4943BFEAF0D97 /* [CP] Embed Pods Frameworks */ = {
			isa = PBXShellScriptBuildPhase;
			buildActionMask = 2147483647;
			files = (
			);
			inputPaths = (
				"${SRCROOT}/Pods/Target Support Files/Pods-booking_a_car/Pods-booking_a_car-frameworks.sh",
				"${BUILT_PRODUCTS_DIR}/GTMSessionFetcher/GTMSessionFetcher.framework",
				"${BUILT_PRODUCTS_DIR}/GoogleToolboxForMac/GoogleToolboxForMac.framework",
				"${BUILT_PRODUCTS_DIR}/RevealingSplashView/RevealingSplashView.framework",
				"${BUILT_PRODUCTS_DIR}/leveldb-library/leveldb.framework",
				"${BUILT_PRODUCTS_DIR}/nanopb/nanopb.framework",
			);
			name = "[CP] Embed Pods Frameworks";
			outputPaths = (
				"${TARGET_BUILD_DIR}/${FRAMEWORKS_FOLDER_PATH}/GTMSessionFetcher.framework",
				"${TARGET_BUILD_DIR}/${FRAMEWORKS_FOLDER_PATH}/GoogleToolboxForMac.framework",
				"${TARGET_BUILD_DIR}/${FRAMEWORKS_FOLDER_PATH}/RevealingSplashView.framework",
				"${TARGET_BUILD_DIR}/${FRAMEWORKS_FOLDER_PATH}/leveldb.framework",
				"${TARGET_BUILD_DIR}/${FRAMEWORKS_FOLDER_PATH}/nanopb.framework",
			);
			runOnlyForDeploymentPostprocessing = 0;
			shellPath = /bin/sh;
			shellScript = "\"${SRCROOT}/Pods/Target Support Files/Pods-booking_a_car/Pods-booking_a_car-frameworks.sh\"\n";
			showEnvVarsInLog = 0;
		};
		90EDD6C39FDEE528BFDE0905 /* [CP] Copy Pods Resources */ = {
			isa = PBXShellScriptBuildPhase;
			buildActionMask = 2147483647;
			files = (
			);
			inputPaths = (
			);
			name = "[CP] Copy Pods Resources";
			outputPaths = (
			);
			runOnlyForDeploymentPostprocessing = 0;
			shellPath = /bin/sh;
			shellScript = "\"${SRCROOT}/Pods/Target Support Files/Pods-booking_a_car/Pods-booking_a_car-resources.sh\"\n";
			showEnvVarsInLog = 0;
		};
/* End PBXShellScriptBuildPhase section */

/* Begin PBXSourcesBuildPhase section */
		84B884732049A12600F37643 /* Sources */ = {
			isa = PBXSourcesBuildPhase;
			buildActionMask = 2147483647;
			files = (
				8478796A2069EA0A00980610 /* CenterVCDelegate.swift in Sources */,
				84530719206BDF9800B5488F /* DataService.swift in Sources */,
				DE0CE3C4208713D4004DE365 /* UIViewControllerExt.swift in Sources */,
				8498A69620694318002825F9 /* RoundedShadowButton.swift in Sources */,
				848A67B8206B33D6006C72D6 /* LoginVC.swift in Sources */,
				847879652069E4B600980610 /* LeftSidePanelVC.swift in Sources */,
				8498A694206940C0002825F9 /* CircleView.swift in Sources */,
				847879672069E54700980610 /* ContainerVC.swift in Sources */,
				DECF6F8220864A03000D2229 /* PassengerAnnotation.swift in Sources */,
				848A67B6206B2584006C72D6 /* UIViewExt.swift in Sources */,
				846F9419207119C40079C5CC /* DriverAnnotation.swift in Sources */,
				DE7FD729208788EE00DB0CA3 /* Alertable.swift in Sources */,
				84B8847D2049A12600F37643 /* HomeVC.swift in Sources */,
				846F94172071118E0079C5CC /* UpdateService.swift in Sources */,
				DE7ADD7C208ED06E00B40C10 /* PickupVC.swift in Sources */,
				DE7ADD7E208ED17B00B40C10 /* RoundMapView.swift in Sources */,
				8498A69020693A77002825F9 /* RoundImageView.swift in Sources */,
				8498A69220693ED2002825F9 /* RoundedShadowView.swift in Sources */,
				848A67BA206B360A006C72D6 /* RoundedCornerTextField.swift in Sources */,
				84B8847B2049A12600F37643 /* AppDelegate.swift in Sources */,
				8474EC6E2062040900668850 /* GradientView.swift in Sources */,
			);
			runOnlyForDeploymentPostprocessing = 0;
		};
/* End PBXSourcesBuildPhase section */

/* Begin PBXVariantGroup section */
		84B8847E2049A12600F37643 /* Main.storyboard */ = {
			isa = PBXVariantGroup;
			children = (
				84B8847F2049A12600F37643 /* Base */,
			);
			name = Main.storyboard;
			sourceTree = "<group>";
		};
		84B884832049A12600F37643 /* LaunchScreen.storyboard */ = {
			isa = PBXVariantGroup;
			children = (
				84B884842049A12600F37643 /* Base */,
			);
			name = LaunchScreen.storyboard;
			sourceTree = "<group>";
		};
/* End PBXVariantGroup section */

/* Begin XCBuildConfiguration section */
		84B884872049A12600F37643 /* Debug */ = {
			isa = XCBuildConfiguration;
			buildSettings = {
				ALWAYS_SEARCH_USER_PATHS = NO;
				CLANG_ANALYZER_NONNULL = YES;
				CLANG_ANALYZER_NUMBER_OBJECT_CONVERSION = YES_AGGRESSIVE;
				CLANG_CXX_LANGUAGE_STANDARD = "gnu++14";
				CLANG_CXX_LIBRARY = "libc++";
				CLANG_ENABLE_MODULES = YES;
				CLANG_ENABLE_OBJC_ARC = YES;
				CLANG_WARN_BLOCK_CAPTURE_AUTORELEASING = YES;
				CLANG_WARN_BOOL_CONVERSION = YES;
				CLANG_WARN_COMMA = YES;
				CLANG_WARN_CONSTANT_CONVERSION = YES;
				CLANG_WARN_DEPRECATED_OBJC_IMPLEMENTATIONS = YES;
				CLANG_WARN_DIRECT_OBJC_ISA_USAGE = YES_ERROR;
				CLANG_WARN_DOCUMENTATION_COMMENTS = YES;
				CLANG_WARN_EMPTY_BODY = YES;
				CLANG_WARN_ENUM_CONVERSION = YES;
				CLANG_WARN_INFINITE_RECURSION = YES;
				CLANG_WARN_INT_CONVERSION = YES;
				CLANG_WARN_NON_LITERAL_NULL_CONVERSION = YES;
				CLANG_WARN_OBJC_IMPLICIT_RETAIN_SELF = YES;
				CLANG_WARN_OBJC_LITERAL_CONVERSION = YES;
				CLANG_WARN_OBJC_ROOT_CLASS = YES_ERROR;
				CLANG_WARN_RANGE_LOOP_ANALYSIS = YES;
				CLANG_WARN_STRICT_PROTOTYPES = YES;
				CLANG_WARN_SUSPICIOUS_MOVE = YES;
				CLANG_WARN_UNGUARDED_AVAILABILITY = YES_AGGRESSIVE;
				CLANG_WARN_UNREACHABLE_CODE = YES;
				CLANG_WARN__DUPLICATE_METHOD_MATCH = YES;
				CODE_SIGN_IDENTITY = "iPhone Developer";
				COPY_PHASE_STRIP = NO;
				DEBUG_INFORMATION_FORMAT = dwarf;
				ENABLE_STRICT_OBJC_MSGSEND = YES;
				ENABLE_TESTABILITY = YES;
				GCC_C_LANGUAGE_STANDARD = gnu11;
				GCC_DYNAMIC_NO_PIC = NO;
				GCC_NO_COMMON_BLOCKS = YES;
				GCC_OPTIMIZATION_LEVEL = 0;
				GCC_PREPROCESSOR_DEFINITIONS = (
					"DEBUG=1",
					"$(inherited)",
				);
				GCC_WARN_64_TO_32_BIT_CONVERSION = YES;
				GCC_WARN_ABOUT_RETURN_TYPE = YES_ERROR;
				GCC_WARN_UNDECLARED_SELECTOR = YES;
				GCC_WARN_UNINITIALIZED_AUTOS = YES_AGGRESSIVE;
				GCC_WARN_UNUSED_FUNCTION = YES;
				GCC_WARN_UNUSED_VARIABLE = YES;
				IPHONEOS_DEPLOYMENT_TARGET = 11.2;
				MTL_ENABLE_DEBUG_INFO = YES;
				ONLY_ACTIVE_ARCH = YES;
				SDKROOT = iphoneos;
				SWIFT_ACTIVE_COMPILATION_CONDITIONS = DEBUG;
				SWIFT_OPTIMIZATION_LEVEL = "-Onone";
			};
			name = Debug;
		};
		84B884882049A12600F37643 /* Release */ = {
			isa = XCBuildConfiguration;
			buildSettings = {
				ALWAYS_SEARCH_USER_PATHS = NO;
				CLANG_ANALYZER_NONNULL = YES;
				CLANG_ANALYZER_NUMBER_OBJECT_CONVERSION = YES_AGGRESSIVE;
				CLANG_CXX_LANGUAGE_STANDARD = "gnu++14";
				CLANG_CXX_LIBRARY = "libc++";
				CLANG_ENABLE_MODULES = YES;
				CLANG_ENABLE_OBJC_ARC = YES;
				CLANG_WARN_BLOCK_CAPTURE_AUTORELEASING = YES;
				CLANG_WARN_BOOL_CONVERSION = YES;
				CLANG_WARN_COMMA = YES;
				CLANG_WARN_CONSTANT_CONVERSION = YES;
				CLANG_WARN_DEPRECATED_OBJC_IMPLEMENTATIONS = YES;
				CLANG_WARN_DIRECT_OBJC_ISA_USAGE = YES_ERROR;
				CLANG_WARN_DOCUMENTATION_COMMENTS = YES;
				CLANG_WARN_EMPTY_BODY = YES;
				CLANG_WARN_ENUM_CONVERSION = YES;
				CLANG_WARN_INFINITE_RECURSION = YES;
				CLANG_WARN_INT_CONVERSION = YES;
				CLANG_WARN_NON_LITERAL_NULL_CONVERSION = YES;
				CLANG_WARN_OBJC_IMPLICIT_RETAIN_SELF = YES;
				CLANG_WARN_OBJC_LITERAL_CONVERSION = YES;
				CLANG_WARN_OBJC_ROOT_CLASS = YES_ERROR;
				CLANG_WARN_RANGE_LOOP_ANALYSIS = YES;
				CLANG_WARN_STRICT_PROTOTYPES = YES;
				CLANG_WARN_SUSPICIOUS_MOVE = YES;
				CLANG_WARN_UNGUARDED_AVAILABILITY = YES_AGGRESSIVE;
				CLANG_WARN_UNREACHABLE_CODE = YES;
				CLANG_WARN__DUPLICATE_METHOD_MATCH = YES;
				CODE_SIGN_IDENTITY = "iPhone Developer";
				COPY_PHASE_STRIP = NO;
				DEBUG_INFORMATION_FORMAT = "dwarf-with-dsym";
				ENABLE_NS_ASSERTIONS = NO;
				ENABLE_STRICT_OBJC_MSGSEND = YES;
				GCC_C_LANGUAGE_STANDARD = gnu11;
				GCC_NO_COMMON_BLOCKS = YES;
				GCC_WARN_64_TO_32_BIT_CONVERSION = YES;
				GCC_WARN_ABOUT_RETURN_TYPE = YES_ERROR;
				GCC_WARN_UNDECLARED_SELECTOR = YES;
				GCC_WARN_UNINITIALIZED_AUTOS = YES_AGGRESSIVE;
				GCC_WARN_UNUSED_FUNCTION = YES;
				GCC_WARN_UNUSED_VARIABLE = YES;
				IPHONEOS_DEPLOYMENT_TARGET = 11.2;
				MTL_ENABLE_DEBUG_INFO = NO;
				SDKROOT = iphoneos;
				SWIFT_OPTIMIZATION_LEVEL = "-Owholemodule";
				VALIDATE_PRODUCT = YES;
			};
			name = Release;
		};
		84B8848A2049A12600F37643 /* Debug */ = {
			isa = XCBuildConfiguration;
			baseConfigurationReference = 00820F442E2569542F134AFE /* Pods-booking_a_car.debug.xcconfig */;
			buildSettings = {
				ASSETCATALOG_COMPILER_APPICON_NAME = AppIcon;
				CODE_SIGN_STYLE = Automatic;
				DEVELOPMENT_TEAM = "";
				INFOPLIST_FILE = booking_a_car/Info.plist;
				LD_RUNPATH_SEARCH_PATHS = "$(inherited) @executable_path/Frameworks";
				PRODUCT_BUNDLE_IDENTIFIER = "MACOS.booking-a-car";
				PRODUCT_NAME = "$(TARGET_NAME)";
				SWIFT_VERSION = 4.0;
				TARGETED_DEVICE_FAMILY = "1,2";
			};
			name = Debug;
		};
		84B8848B2049A12600F37643 /* Release */ = {
			isa = XCBuildConfiguration;
			baseConfigurationReference = C27901B21DD2D3EE40F37626 /* Pods-booking_a_car.release.xcconfig */;
			buildSettings = {
				ASSETCATALOG_COMPILER_APPICON_NAME = AppIcon;
				CODE_SIGN_STYLE = Automatic;
				DEVELOPMENT_TEAM = "";
				INFOPLIST_FILE = booking_a_car/Info.plist;
				LD_RUNPATH_SEARCH_PATHS = "$(inherited) @executable_path/Frameworks";
				PRODUCT_BUNDLE_IDENTIFIER = "MACOS.booking-a-car";
				PRODUCT_NAME = "$(TARGET_NAME)";
				SWIFT_VERSION = 4.0;
				TARGETED_DEVICE_FAMILY = "1,2";
			};
			name = Release;
		};
/* End XCBuildConfiguration section */

/* Begin XCConfigurationList section */
		84B884722049A12600F37643 /* Build configuration list for PBXProject "booking_a_car" */ = {
			isa = XCConfigurationList;
			buildConfigurations = (
				84B884872049A12600F37643 /* Debug */,
				84B884882049A12600F37643 /* Release */,
			);
			defaultConfigurationIsVisible = 0;
			defaultConfigurationName = Release;
		};
		84B884892049A12600F37643 /* Build configuration list for PBXNativeTarget "booking_a_car" */ = {
			isa = XCConfigurationList;
			buildConfigurations = (
				84B8848A2049A12600F37643 /* Debug */,
				84B8848B2049A12600F37643 /* Release */,
			);
			defaultConfigurationIsVisible = 0;
			defaultConfigurationName = Release;
		};
/* End XCConfigurationList section */
	};
	rootObject = 84B8846F2049A12600F37643 /* Project object */;
}
